
Microsoft Visual Studio Solution File, Format Version 12.00
# Visual Studio Version 16
VisualStudioVersion = 16.0.30114.105
MinimumVisualStudioVersion = 10.0.40219.1
Project("{FAE04EC0-301F-11D3-BF4B-00C04F79EFBC}") = "WebApp", "WebApp\WebApp.csproj", "{3C12F199-3A24-4BFB-B921-29BEA21BF407}"
EndProject
Project("{FAE04EC0-301F-11D3-BF4B-00C04F79EFBC}") = "WebAppTest", "WebAppTest\WebAppTest.csproj", "{048121D3-F0B1-4D85-9306-62009909AEBE}"
EndProject
Global
	GlobalSection(SolutionConfigurationPlatforms) = preSolution
		Debug|Any CPU = Debug|Any CPU
		Release|Any CPU = Release|Any CPU
	EndGlobalSection
	GlobalSection(ProjectConfigurationPlatforms) = postSolution
		{BC24DB71-FA58-465C-B127-D2EF0A4E02C4}.Debug|Any CPU.ActiveCfg = Debug|Any CPU
		{BC24DB71-FA58-465C-B127-D2EF0A4E02C4}.Debug|Any CPU.Build.0 = Debug|Any CPU
		{BC24DB71-FA58-465C-B127-D2EF0A4E02C4}.Release|Any CPU.ActiveCfg = Release|Any CPU
		{BC24DB71-FA58-465C-B127-D2EF0A4E02C4}.Release|Any CPU.Build.0 = Release|Any CPU
		{AD08F105-9BD1-4ED0-ABB1-62742F9171CC}.Debug|Any CPU.ActiveCfg = Debug|Any CPU
		{AD08F105-9BD1-4ED0-ABB1-62742F9171CC}.Debug|Any CPU.Build.0 = Debug|Any CPU
		{AD08F105-9BD1-4ED0-ABB1-62742F9171CC}.Release|Any CPU.ActiveCfg = Release|Any CPU
		{AD08F105-9BD1-4ED0-ABB1-62742F9171CC}.Release|Any CPU.Build.0 = Release|Any CPU
	EndGlobalSection
	GlobalSection(SolutionProperties) = preSolution
		HideSolutionNode = FALSE
	EndGlobalSection
	GlobalSection(ExtensibilityGlobals) = postSolution
		SolutionGuid = {C78FFF0E-2080-437D-9E48-A184A7EA9A68}
	EndGlobalSection
EndGlobal
